
Microsoft Visual Studio Solution File, Format Version 12.00
# Visual Studio Version 17
VisualStudioVersion = 17.6.33723.286
MinimumVisualStudioVersion = 10.0.40219.1
Project("{FAE04EC0-301F-11D3-BF4B-00C04F79EFBC}") = "RealAppDemo", "RealAppDemo.csproj", "{F94F9352-D5A8-4594-BF24-87F2A9FE4A30}"
EndProject
Project("{FAE04EC0-301F-11D3-BF4B-00C04F79EFBC}") = "TestProject1", "..\TestProject1\TestProject1.csproj", "{C75FE294-4F1D-4A61-867C-B0C54CCEB889}"
EndProject
Global
	GlobalSection(SolutionConfigurationPlatforms) = preSolution
		Debug|Any CPU = Debug|Any CPU
		Release|Any CPU = Release|Any CPU
	EndGlobalSection
	GlobalSection(ProjectConfigurationPlatforms) = postSolution
		{F94F9352-D5A8-4594-BF24-87F2A9FE4A30}.Debug|Any CPU.ActiveCfg = Debug|Any CPU
		{F94F9352-D5A8-4594-BF24-87F2A9FE4A30}.Debug|Any CPU.Build.0 = Debug|Any CPU
		{F94F9352-D5A8-4594-BF24-87F2A9FE4A30}.Release|Any CPU.ActiveCfg = Release|Any CPU
		{F94F9352-D5A8-4594-BF24-87F2A9FE4A30}.Release|Any CPU.Build.0 = Release|Any CPU
		{C75FE294-4F1D-4A61-867C-B0C54CCEB889}.Debug|Any CPU.ActiveCfg = Debug|Any CPU
		{C75FE294-4F1D-4A61-867C-B0C54CCEB889}.Debug|Any CPU.Build.0 = Debug|Any CPU
		{C75FE294-4F1D-4A61-867C-B0C54CCEB889}.Release|Any CPU.ActiveCfg = Release|Any CPU
		{C75FE294-4F1D-4A61-867C-B0C54CCEB889}.Release|Any CPU.Build.0 = Release|Any CPU
	EndGlobalSection
	GlobalSection(SolutionProperties) = preSolution
		HideSolutionNode = FALSE
	EndGlobalSection
	GlobalSection(ExtensibilityGlobals) = postSolution
		SolutionGuid = {5A6AA304-B633-43CB-97F4-7B63FBF7E5FB}
	EndGlobalSection
EndGlobal
